
Microsoft Visual Studio Solution File, Format Version 12.00
# Visual Studio Version 17
VisualStudioVersion = 17.12.35506.116
MinimumVisualStudioVersion = 10.0.40219.1
Project("{FAE04EC0-301F-11D3-BF4B-00C04F79EFBC}") = "Korn.Utils.WinForms", "Korn.Utils.WinForms\Korn.Utils.WinForms.csproj", "{70E51FFB-EE5C-45A3-94E5-6DA42965AF04}"
EndProject
Project("{2150E333-8FDC-42A3-9474-1A3956D46DE8}") = "Korn", "Korn", "{BD860A58-FCFD-4029-A680-6F92AAD88352}"
EndProject
Project("{FAE04EC0-301F-11D3-BF4B-00C04F79EFBC}") = "Korn.Utils.GithubExplorer", "..\Korn.Utils.GithubExplorer\Korn.Utils.GithubExplorer\Korn.Utils.GithubExplorer.csproj", "{E54E394A-FAB1-4B9E-9D17-976C093CA455}"
EndProject
Project("{FAE04EC0-301F-11D3-BF4B-00C04F79EFBC}") = "Korn.Utils.System", "..\Korn.Utils.System\Korn.Utils.System\Korn.Utils.System.csproj", "{A509704D-4FE3-4449-A234-2C6AE577FBB6}"
EndProject
Project("{FAE04EC0-301F-11D3-BF4B-00C04F79EFBC}") = "Korn.Core", "..\Korn.Core\Korn.Core\Korn.Core.csproj", "{6300C4F7-2489-48EC-8528-BD08CE09F172}"
EndProject
Global
	GlobalSection(SolutionConfigurationPlatforms) = preSolution
		Debug|x64 = Debug|x64
	EndGlobalSection
	GlobalSection(ProjectConfigurationPlatforms) = postSolution
		{70E51FFB-EE5C-45A3-94E5-6DA42965AF04}.Debug|x64.ActiveCfg = Debug|x64
		{70E51FFB-EE5C-45A3-94E5-6DA42965AF04}.Debug|x64.Build.0 = Debug|x64
		{E54E394A-FAB1-4B9E-9D17-976C093CA455}.Debug|x64.ActiveCfg = Debug|x64
		{E54E394A-FAB1-4B9E-9D17-976C093CA455}.Debug|x64.Build.0 = Debug|x64
		{A509704D-4FE3-4449-A234-2C6AE577FBB6}.Debug|x64.ActiveCfg = Debug|x64
		{A509704D-4FE3-4449-A234-2C6AE577FBB6}.Debug|x64.Build.0 = Debug|x64
		{6300C4F7-2489-48EC-8528-BD08CE09F172}.Debug|x64.ActiveCfg = Debug|x64
		{6300C4F7-2489-48EC-8528-BD08CE09F172}.Debug|x64.Build.0 = Debug|x64
	EndGlobalSection
	GlobalSection(SolutionProperties) = preSolution
		HideSolutionNode = FALSE
	EndGlobalSection
	GlobalSection(NestedProjects) = preSolution
		{E54E394A-FAB1-4B9E-9D17-976C093CA455} = {BD860A58-FCFD-4029-A680-6F92AAD88352}
		{A509704D-4FE3-4449-A234-2C6AE577FBB6} = {BD860A58-FCFD-4029-A680-6F92AAD88352}
		{6300C4F7-2489-48EC-8528-BD08CE09F172} = {BD860A58-FCFD-4029-A680-6F92AAD88352}
	EndGlobalSection
EndGlobal
